
Microsoft Visual Studio Solution File, Format Version 12.00
# Visual Studio Version 17
VisualStudioVersion = 17.4.33205.214
MinimumVisualStudioVersion = 10.0.40219.1
Project("{FAE04EC0-301F-11D3-BF4B-00C04F79EFBC}") = "CaixaEletrônico", "CaixaEletrônico\CaixaEletrônico.csproj", "{368A28A9-CB12-463D-8F55-D67EF22D0CC6}"
EndProject
Global
	GlobalSection(SolutionConfigurationPlatforms) = preSolution
		Debug|Any CPU = Debug|Any CPU
		Release|Any CPU = Release|Any CPU
	EndGlobalSection
	GlobalSection(ProjectConfigurationPlatforms) = postSolution
		{368A28A9-CB12-463D-8F55-D67EF22D0CC6}.Debug|Any CPU.ActiveCfg = Debug|Any CPU
		{368A28A9-CB12-463D-8F55-D67EF22D0CC6}.Debug|Any CPU.Build.0 = Debug|Any CPU
		{368A28A9-CB12-463D-8F55-D67EF22D0CC6}.Release|Any CPU.ActiveCfg = Release|Any CPU
		{368A28A9-CB12-463D-8F55-D67EF22D0CC6}.Release|Any CPU.Build.0 = Release|Any CPU
	EndGlobalSection
	GlobalSection(SolutionProperties) = preSolution
		HideSolutionNode = FALSE
	EndGlobalSection
	GlobalSection(ExtensibilityGlobals) = postSolution
		SolutionGuid = {FBE607B1-F69E-4C73-955A-527AFD5D77AE}
	EndGlobalSection
EndGlobal
